// !$*UTF8*$!
{
	archiveVersion = 1;
	classes = {
	};
	objectVersion = 46;
	objects = {

/* Begin PBXBuildFile section */
		F9344E571FCF6B060042209E /* date_university.cpp in Sources */ = {isa = PBXBuildFile; fileRef = F9344E521FCF6B060042209E /* date_university.cpp */; };
		F9344E581FCF6B060042209E /* main_university_driver.cpp in Sources */ = {isa = PBXBuildFile; fileRef = F9344E541FCF6B060042209E /* main_university_driver.cpp */; };
		F9344E591FCF6B060042209E /* person.cpp in Sources */ = {isa = PBXBuildFile; fileRef = F9344E551FCF6B060042209E /* person.cpp */; };
		F9344E5C1FCF6B0E0042209E /* student.cpp in Sources */ = {isa = PBXBuildFile; fileRef = F9344E5A1FCF6B0E0042209E /* student.cpp */; };
		F9344E5F1FCF6B4A0042209E /* Undergrad.cpp in Sources */ = {isa = PBXBuildFile; fileRef = F9344E5D1FCF6B4A0042209E /* Undergrad.cpp */; };
		F9344E621FD088F70042209E /* main.cpp in Sources */ = {isa = PBXBuildFile; fileRef = F9344E611FD088F70042209E /* main.cpp */; };
/* End PBXBuildFile section */

/* Begin PBXCopyFilesBuildPhase section */
		F9344E461FCF69C40042209E /* CopyFiles */ = {
			isa = PBXCopyFilesBuildPhase;
			buildActionMask = 2147483647;
			dstPath = /usr/share/man/man1/;
			dstSubfolderSpec = 0;
			files = (
			);
			runOnlyForDeploymentPostprocessing = 1;
		};
/* End PBXCopyFilesBuildPhase section */

/* Begin PBXFileReference section */
		F9344E481FCF69C40042209E /* LabUndergrad */ = {isa = PBXFileReference; explicitFileType = "compiled.mach-o.executable"; includeInIndex = 0; path = LabUndergrad; sourceTree = BUILT_PRODUCTS_DIR; };
		F9344E521FCF6B060042209E /* date_university.cpp */ = {isa = PBXFileReference; fileEncoding = 4; lastKnownFileType = sourcecode.cpp.cpp; path = date_university.cpp; sourceTree = "<group>"; };
		F9344E531FCF6B060042209E /* date_university.h */ = {isa = PBXFileReference; fileEncoding = 4; lastKnownFileType = sourcecode.c.h; path = date_university.h; sourceTree = "<group>"; };
		F9344E541FCF6B060042209E /* main_university_driver.cpp */ = {isa = PBXFileReference; fileEncoding = 4; lastKnownFileType = sourcecode.cpp.cpp; path = main_university_driver.cpp; sourceTree = "<group>"; };
		F9344E551FCF6B060042209E /* person.cpp */ = {isa = PBXFileReference; fileEncoding = 4; lastKnownFileType = sourcecode.cpp.cpp; path = person.cpp; sourceTree = "<group>"; };
		F9344E561FCF6B060042209E /* person.h */ = {isa = PBXFileReference; fileEncoding = 4; lastKnownFileType = sourcecode.c.h; path = person.h; sourceTree = "<group>"; };
		F9344E5A1FCF6B0E0042209E /* student.cpp */ = {isa = PBXFileReference; fileEncoding = 4; lastKnownFileType = sourcecode.cpp.cpp; path = student.cpp; sourceTree = "<group>"; };
		F9344E5B1FCF6B0E0042209E /* student.h */ = {isa = PBXFileReference; fileEncoding = 4; lastKnownFileType = sourcecode.c.h; path = student.h; sourceTree = "<group>"; };
		F9344E5D1FCF6B4A0042209E /* Undergrad.cpp */ = {isa = PBXFileReference; fileEncoding = 4; lastKnownFileType = sourcecode.cpp.cpp; path = Undergrad.cpp; sourceTree = "<group>"; };
		F9344E601FCF6B5C0042209E /* Undergrad.h */ = {isa = PBXFileReference; lastKnownFileType = sourcecode.c.h; name = Undergrad.h; path = ../Undergrad.h; sourceTree = "<group>"; };
		F9344E611FD088F70042209E /* main.cpp */ = {isa = PBXFileReference; fileEncoding = 4; lastKnownFileType = sourcecode.cpp.cpp; path = main.cpp; sourceTree = "<group>"; };
/* End PBXFileReference section */

/* Begin PBXFrameworksBuildPhase section */
		F9344E451FCF69C40042209E /* Frameworks */ = {
			isa = PBXFrameworksBuildPhase;
			buildActionMask = 2147483647;
			files = (
			);
			runOnlyForDeploymentPostprocessing = 0;
		};
/* End PBXFrameworksBuildPhase section */

/* Begin PBXGroup section */
		F9344E3F1FCF69C40042209E = {
			isa = PBXGroup;
			children = (
				F9344E4A1FCF69C40042209E /* LabUndergrad */,
				F9344E491FCF69C40042209E /* Products */,
			);
			sourceTree = "<group>";
		};
		F9344E491FCF69C40042209E /* Products */ = {
			isa = PBXGroup;
			children = (
				F9344E481FCF69C40042209E /* LabUndergrad */,
			);
			name = Products;
			sourceTree = "<group>";
		};
		F9344E4A1FCF69C40042209E /* LabUndergrad */ = {
			isa = PBXGroup;
			children = (
				F9344E541FCF6B060042209E /* main_university_driver.cpp */,
				F9344E611FD088F70042209E /* main.cpp */,
				F9344E521FCF6B060042209E /* date_university.cpp */,
				F9344E531FCF6B060042209E /* date_university.h */,
				F9344E551FCF6B060042209E /* person.cpp */,
				F9344E561FCF6B060042209E /* person.h */,
				F9344E5A1FCF6B0E0042209E /* student.cpp */,
				F9344E5B1FCF6B0E0042209E /* student.h */,
				F9344E5D1FCF6B4A0042209E /* Undergrad.cpp */,
				F9344E601FCF6B5C0042209E /* Undergrad.h */,
			);
			path = LabUndergrad;
			sourceTree = "<group>";
		};
/* End PBXGroup section */

/* Begin PBXNativeTarget section */
		F9344E471FCF69C40042209E /* LabUndergrad */ = {
			isa = PBXNativeTarget;
			buildConfigurationList = F9344E4F1FCF69C40042209E /* Build configuration list for PBXNativeTarget "LabUndergrad" */;
			buildPhases = (
				F9344E441FCF69C40042209E /* Sources */,
				F9344E451FCF69C40042209E /* Frameworks */,
				F9344E461FCF69C40042209E /* CopyFiles */,
			);
			buildRules = (
			);
			dependencies = (
			);
			name = LabUndergrad;
			productName = LabUndergrad;
			productReference = F9344E481FCF69C40042209E /* LabUndergrad */;
			productType = "com.apple.product-type.tool";
		};
/* End PBXNativeTarget section */

/* Begin PBXProject section */
		F9344E401FCF69C40042209E /* Project object */ = {
			isa = PBXProject;
			attributes = {
				LastUpgradeCheck = 0820;
				ORGANIZATIONNAME = "Milind Pathiyal";
				TargetAttributes = {
					F9344E471FCF69C40042209E = {
						CreatedOnToolsVersion = 8.2.1;
						DevelopmentTeam = G6V8VF26HQ;
						ProvisioningStyle = Automatic;
					};
				};
			};
			buildConfigurationList = F9344E431FCF69C40042209E /* Build configuration list for PBXProject "LabUndergrad" */;
			compatibilityVersion = "Xcode 3.2";
			developmentRegion = English;
			hasScannedForEncodings = 0;
			knownRegions = (
				en,
			);
			mainGroup = F9344E3F1FCF69C40042209E;
			productRefGroup = F9344E491FCF69C40042209E /* Products */;
			projectDirPath = "";
			projectRoot = "";
			targets = (
				F9344E471FCF69C40042209E /* LabUndergrad */,
			);
		};
/* End PBXProject section */

/* Begin PBXSourcesBuildPhase section */
		F9344E441FCF69C40042209E /* Sources */ = {
			isa = PBXSourcesBuildPhase;
			buildActionMask = 2147483647;
			files = (
				F9344E571FCF6B060042209E /* date_university.cpp in Sources */,
				F9344E591FCF6B060042209E /* person.cpp in Sources */,
				F9344E621FD088F70042209E /* main.cpp in Sources */,
				F9344E5C1FCF6B0E0042209E /* student.cpp in Sources */,
				F9344E5F1FCF6B4A0042209E /* Undergrad.cpp in Sources */,
				F9344E581FCF6B060042209E /* main_university_driver.cpp in Sources */,
			);
			runOnlyForDeploymentPostprocessing = 0;
		};
/* End PBXSourcesBuildPhase section */

/* Begin XCBuildConfiguration section */
		F9344E4D1FCF69C40042209E /* Debug */ = {
			isa = XCBuildConfiguration;
			buildSettings = {
				ALWAYS_SEARCH_USER_PATHS = NO;
				CLANG_ANALYZER_NONNULL = YES;
				CLANG_CXX_LANGUAGE_STANDARD = "gnu++0x";
				CLANG_CXX_LIBRARY = "libc++";
				CLANG_ENABLE_MODULES = YES;
				CLANG_ENABLE_OBJC_ARC = YES;
				CLANG_WARN_BOOL_CONVERSION = YES;
				CLANG_WARN_CONSTANT_CONVERSION = YES;
				CLANG_WARN_DIRECT_OBJC_ISA_USAGE = YES_ERROR;
				CLANG_WARN_DOCUMENTATION_COMMENTS = YES;
				CLANG_WARN_EMPTY_BODY = YES;
				CLANG_WARN_ENUM_CONVERSION = YES;
				CLANG_WARN_INFINITE_RECURSION = YES;
				CLANG_WARN_INT_CONVERSION = YES;
				CLANG_WARN_OBJC_ROOT_CLASS = YES_ERROR;
				CLANG_WARN_SUSPICIOUS_MOVE = YES;
				CLANG_WARN_UNREACHABLE_CODE = YES;
				CLANG_WARN__DUPLICATE_METHOD_MATCH = YES;
				CODE_SIGN_IDENTITY = "-";
				COPY_PHASE_STRIP = NO;
				DEBUG_INFORMATION_FORMAT = dwarf;
				ENABLE_STRICT_OBJC_MSGSEND = YES;
				ENABLE_TESTABILITY = YES;
				GCC_C_LANGUAGE_STANDARD = gnu99;
				GCC_DYNAMIC_NO_PIC = NO;
				GCC_NO_COMMON_BLOCKS = YES;
				GCC_OPTIMIZATION_LEVEL = 0;
				GCC_PREPROCESSOR_DEFINITIONS = (
					"DEBUG=1",
					"$(inherited)",
				);
				GCC_WARN_64_TO_32_BIT_CONVERSION = YES;
				GCC_WARN_ABOUT_RETURN_TYPE = YES_ERROR;
				GCC_WARN_UNDECLARED_SELECTOR = YES;
				GCC_WARN_UNINITIALIZED_AUTOS = YES_AGGRESSIVE;
				GCC_WARN_UNUSED_FUNCTION = YES;
				GCC_WARN_UNUSED_VARIABLE = YES;
				MACOSX_DEPLOYMENT_TARGET = 10.12;
				MTL_ENABLE_DEBUG_INFO = YES;
				ONLY_ACTIVE_ARCH = YES;
				SDKROOT = macosx;
			};
			name = Debug;
		};
		F9344E4E1FCF69C40042209E /* Release */ = {
			isa = XCBuildConfiguration;
			buildSettings = {
				ALWAYS_SEARCH_USER_PATHS = NO;
				CLANG_ANALYZER_NONNULL = YES;
				CLANG_CXX_LANGUAGE_STANDARD = "gnu++0x";
				CLANG_CXX_LIBRARY = "libc++";
				CLANG_ENABLE_MODULES = YES;
				CLANG_ENABLE_OBJC_ARC = YES;
				CLANG_WARN_BOOL_CONVERSION = YES;
				CLANG_WARN_CONSTANT_CONVERSION = YES;
				CLANG_WARN_DIRECT_OBJC_ISA_USAGE = YES_ERROR;
				CLANG_WARN_DOCUMENTATION_COMMENTS = YES;
				CLANG_WARN_EMPTY_BODY = YES;
				CLANG_WARN_ENUM_CONVERSION = YES;
				CLANG_WARN_INFINITE_RECURSION = YES;
				CLANG_WARN_INT_CONVERSION = YES;
				CLANG_WARN_OBJC_ROOT_CLASS = YES_ERROR;
				CLANG_WARN_SUSPICIOUS_MOVE = YES;
				CLANG_WARN_UNREACHABLE_CODE = YES;
				CLANG_WARN__DUPLICATE_METHOD_MATCH = YES;
				CODE_SIGN_IDENTITY = "-";
				COPY_PHASE_STRIP = NO;
				DEBUG_INFORMATION_FORMAT = "dwarf-with-dsym";
				ENABLE_NS_ASSERTIONS = NO;
				ENABLE_STRICT_OBJC_MSGSEND = YES;
				GCC_C_LANGUAGE_STANDARD = gnu99;
				GCC_NO_COMMON_BLOCKS = YES;
				GCC_WARN_64_TO_32_BIT_CONVERSION = YES;
				GCC_WARN_ABOUT_RETURN_TYPE = YES_ERROR;
				GCC_WARN_UNDECLARED_SELECTOR = YES;
				GCC_WARN_UNINITIALIZED_AUTOS = YES_AGGRESSIVE;
				GCC_WARN_UNUSED_FUNCTION = YES;
				GCC_WARN_UNUSED_VARIABLE = YES;
				MACOSX_DEPLOYMENT_TARGET = 10.12;
				MTL_ENABLE_DEBUG_INFO = NO;
				SDKROOT = macosx;
			};
			name = Release;
		};
		F9344E501FCF69C40042209E /* Debug */ = {
			isa = XCBuildConfiguration;
			buildSettings = {
				DEVELOPMENT_TEAM = G6V8VF26HQ;
				PRODUCT_NAME = "$(TARGET_NAME)";
			};
			name = Debug;
		};
		F9344E511FCF69C40042209E /* Release */ = {
			isa = XCBuildConfiguration;
			buildSettings = {
				DEVELOPMENT_TEAM = G6V8VF26HQ;
				PRODUCT_NAME = "$(TARGET_NAME)";
			};
			name = Release;
		};
/* End XCBuildConfiguration section */

/* Begin XCConfigurationList section */
		F9344E431FCF69C40042209E /* Build configuration list for PBXProject "LabUndergrad" */ = {
			isa = XCConfigurationList;
			buildConfigurations = (
				F9344E4D1FCF69C40042209E /* Debug */,
				F9344E4E1FCF69C40042209E /* Release */,
			);
			defaultConfigurationIsVisible = 0;
			defaultConfigurationName = Release;
		};
		F9344E4F1FCF69C40042209E /* Build configuration list for PBXNativeTarget "LabUndergrad" */ = {
			isa = XCConfigurationList;
			buildConfigurations = (
				F9344E501FCF69C40042209E /* Debug */,
				F9344E511FCF69C40042209E /* Release */,
			);
			defaultConfigurationIsVisible = 0;
			defaultConfigurationName = Release;
		};
/* End XCConfigurationList section */
	};
	rootObject = F9344E401FCF69C40042209E /* Project object */;
}
